
Microsoft Visual Studio Solution File, Format Version 12.00
# Visual Studio Version 16
VisualStudioVersion = 16.0.29123.88
MinimumVisualStudioVersion = 10.0.40219.1
Project("{888888A0-9F3D-457C-B088-3A5042F75D52}") = "PythonAppEx", "PythonAppEx\PythonAppEx.pyproj", "{72E509F6-F0FC-4A06-9BD0-578E1B805A87}"
EndProject
Global
	GlobalSection(SolutionConfigurationPlatforms) = preSolution
		Debug|Any CPU = Debug|Any CPU
		Release|Any CPU = Release|Any CPU
	EndGlobalSection
	GlobalSection(ProjectConfigurationPlatforms) = postSolution
		{72E509F6-F0FC-4A06-9BD0-578E1B805A87}.Debug|Any CPU.ActiveCfg = Debug|Any CPU
		{72E509F6-F0FC-4A06-9BD0-578E1B805A87}.Release|Any CPU.ActiveCfg = Release|Any CPU
	EndGlobalSection
	GlobalSection(SolutionProperties) = preSolution
		HideSolutionNode = FALSE
	EndGlobalSection
	GlobalSection(ExtensibilityGlobals) = postSolution
		SolutionGuid = {BE58F9C4-924E-49B8-8F43-8594C6775F41}
	EndGlobalSection
EndGlobal
